
Microsoft Visual Studio Solution File, Format Version 12.00
# Visual Studio Version 16
VisualStudioVersion = 16.0.29403.142
MinimumVisualStudioVersion = 10.0.40219.1
Project("{F184B08F-C81C-45F6-A57F-5ABD9991F28F}") = "AppBarTestWithWPF", "AppBarTestWithWPF\AppBarTestWithWPF.vbproj", "{0F73A60B-EBB7-4510-9A58-BE868AD25B5B}"
EndProject
Global
	GlobalSection(SolutionConfigurationPlatforms) = preSolution
		Debug|Any CPU = Debug|Any CPU
		Release|Any CPU = Release|Any CPU
	EndGlobalSection
	GlobalSection(ProjectConfigurationPlatforms) = postSolution
		{0F73A60B-EBB7-4510-9A58-BE868AD25B5B}.Debug|Any CPU.ActiveCfg = Debug|Any CPU
		{0F73A60B-EBB7-4510-9A58-BE868AD25B5B}.Debug|Any CPU.Build.0 = Debug|Any CPU
		{0F73A60B-EBB7-4510-9A58-BE868AD25B5B}.Release|Any CPU.ActiveCfg = Release|Any CPU
		{0F73A60B-EBB7-4510-9A58-BE868AD25B5B}.Release|Any CPU.Build.0 = Release|Any CPU
	EndGlobalSection
	GlobalSection(SolutionProperties) = preSolution
		HideSolutionNode = FALSE
	EndGlobalSection
	GlobalSection(ExtensibilityGlobals) = postSolution
		SolutionGuid = {E88B8442-9B42-45EE-9C22-E5095BCE2CFA}
	EndGlobalSection
EndGlobal
